
Microsoft Visual Studio Solution File, Format Version 12.00
# Visual Studio Version 17
VisualStudioVersion = 17.5.33516.290
MinimumVisualStudioVersion = 10.0.40219.1
Project("{8BC9CEB8-8B4A-11D0-8D11-00A0C91BC942}") = "cheat 2", "cheat 2.vcxproj", "{FE049437-8794-4EC7-A8C5-06F359CE07C0}"
EndProject
Global
	GlobalSection(SolutionConfigurationPlatforms) = preSolution
		Debug|x64 = Debug|x64
		Debug|x86 = Debug|x86
		Release|x64 = Release|x64
		Release|x86 = Release|x86
	EndGlobalSection
	GlobalSection(ProjectConfigurationPlatforms) = postSolution
		{FE049437-8794-4EC7-A8C5-06F359CE07C0}.Debug|x64.ActiveCfg = Debug|x64
		{FE049437-8794-4EC7-A8C5-06F359CE07C0}.Debug|x64.Build.0 = Debug|x64
		{FE049437-8794-4EC7-A8C5-06F359CE07C0}.Debug|x86.ActiveCfg = Release|Win32
		{FE049437-8794-4EC7-A8C5-06F359CE07C0}.Debug|x86.Build.0 = Release|Win32
		{FE049437-8794-4EC7-A8C5-06F359CE07C0}.Release|x64.ActiveCfg = Release|x64
		{FE049437-8794-4EC7-A8C5-06F359CE07C0}.Release|x64.Build.0 = Release|x64
		{FE049437-8794-4EC7-A8C5-06F359CE07C0}.Release|x86.ActiveCfg = Release|Win32
		{FE049437-8794-4EC7-A8C5-06F359CE07C0}.Release|x86.Build.0 = Release|Win32
	EndGlobalSection
	GlobalSection(SolutionProperties) = preSolution
		HideSolutionNode = FALSE
	EndGlobalSection
	GlobalSection(ExtensibilityGlobals) = postSolution
		SolutionGuid = {44443BCF-7E5F-4F9F-99BA-163A7DE7999E}
	EndGlobalSection
EndGlobal
